<?xml version="1.0" encoding="utf-8"?>
<Project ToolsVersion="4.0" xmlns="http://schemas.microsoft.com/developer/msbuild/2003">
  <ItemGroup>
    <ClCompile Include="source\Gameplay\Actors\Actor.cpp">
      <Filter>Source Files\Gameplay\Actors</Filter>
    </ClCompile>
    <ClCompile Include="source\Gameplay\Actors\ActorComponent.cpp">
      <Filter>Source Files\Gameplay\Actors</Filter>
    </ClCompile>
    <ClCompile Include="source\Gameplay\Actors\Transform.cpp">
      <Filter>Source Files\Gameplay\Actors</Filter>
    </ClCompile>
    <ClCompile Include="source\Gameplay\GameInstance.cpp">
      <Filter>Source Files\Gameplay</Filter>
    </ClCompile>
    <ClCompile Include="source\Gameplay\GameplayModule.cpp">
      <Filter>Source Files\Gameplay</Filter>
    </ClCompile>
    <ClCompile Include="source\Graphics\Graphics.cpp">
      <Filter>Source Files\Graphics</Filter>
    </ClCompile>
    <ClCompile Include="source\Graphics\Camera.cpp">
      <Filter>Source Files\Graphics</Filter>
    </ClCompile>
    <ClCompile Include="source\Engine\Utility\Color.cpp">
      <Filter>Source Files\Engine\Utility</Filter>
    </ClCompile>
    <ClCompile Include="source\Engine\Utility\Config.cpp">
      <Filter>Source Files\Engine\Utility</Filter>
    </ClCompile>
    <ClCompile Include="source\Engine\Utility\ConfigValue.cpp">
      <Filter>Source Files\Engine\Utility</Filter>
    </ClCompile>
    <ClCompile Include="source\Engine\UUID.cpp">
      <Filter>Source Files\Engine</Filter>
    </ClCompile>
    <ClCompile Include="source\Engine\BaseApplication.cpp">
      <Filter>Source Files\Engine</Filter>
    </ClCompile>
    <ClCompile Include="source\Engine\IModule.cpp">
      <Filter>Source Files\Engine</Filter>
    </ClCompile>
    <ClCompile Include="source\Engine\Object.cpp">
      <Filter>Source Files\Engine</Filter>
    </ClCompile>
    <ClCompile Include="source\Engine\Screen.cpp">
      <Filter>Source Files\Engine</Filter>
    </ClCompile>
    <ClCompile Include="source\Graphics\Rendering\Shader.cpp">
      <Filter>Source Files\Graphics\Rendering</Filter>
    </ClCompile>
    <ClCompile Include="source\Graphics\Rendering\Texture.cpp">
      <Filter>Source Files\Graphics\Rendering</Filter>
    </ClCompile>
    <ClCompile Include="source\Graphics\Rendering\Material.cpp">
      <Filter>Source Files\Graphics\Rendering</Filter>
    </ClCompile>
  </ItemGroup>
  <ItemGroup>
    <ClInclude Include="..\..\Dependencies\include\Catalyst\Catalyst.hpp">
      <Filter>Header Files</Filter>
    </ClInclude>
    <ClInclude Include="resource.h">
      <Filter>Header Files</Filter>
    </ClInclude>
    <ClInclude Include="..\..\Dependencies\include\Catalyst\Engine\Utility\Color.hpp">
      <Filter>Header Files\Engine\Utility</Filter>
    </ClInclude>
    <ClInclude Include="..\..\Dependencies\include\Catalyst\Engine\Utility\Config.hpp">
      <Filter>Header Files\Engine\Utility</Filter>
    </ClInclude>
    <ClInclude Include="..\..\Dependencies\include\Catalyst\Engine\Utility\ConfigValue.hpp">
      <Filter>Header Files\Engine\Utility</Filter>
    </ClInclude>
    <ClInclude Include="..\..\Dependencies\include\Catalyst\Engine\BaseApplication.hpp">
      <Filter>Header Files\Engine</Filter>
    </ClInclude>
    <ClInclude Include="..\..\Dependencies\include\Catalyst\Engine\IModule.hpp">
      <Filter>Header Files\Engine</Filter>
    </ClInclude>
    <ClInclude Include="..\..\Dependencies\include\Catalyst\Engine\Object.hpp">
      <Filter>Header Files\Engine</Filter>
    </ClInclude>
    <ClInclude Include="..\..\Dependencies\include\Catalyst\Engine\UUID.hpp">
      <Filter>Header Files\Engine</Filter>
    </ClInclude>
    <ClInclude Include="..\..\Dependencies\include\Catalyst\Graphics\Graphics.hpp">
      <Filter>Header Files\Graphics</Filter>
    </ClInclude>
    <ClInclude Include="..\..\Dependencies\include\Catalyst\Graphics\Camera.hpp">
      <Filter>Header Files\Graphics</Filter>
    </ClInclude>
    <ClInclude Include="..\..\Dependencies\include\Catalyst\Engine\Utility\StringUtils.hpp">
      <Filter>Header Files\Engine\Utility</Filter>
    </ClInclude>
    <ClInclude Include="..\..\Dependencies\include\Catalyst\Gameplay\GameInstance.hpp">
      <Filter>Header Files\Gameplay</Filter>
    </ClInclude>
    <ClInclude Include="..\..\Dependencies\include\Catalyst\Gameplay\GameplayModule.hpp">
      <Filter>Header Files\Gameplay</Filter>
    </ClInclude>
    <ClInclude Include="..\..\Dependencies\include\Catalyst\Engine\Screen.hpp">
      <Filter>Header Files\Engine</Filter>
    </ClInclude>
    <ClInclude Include="..\..\Dependencies\include\Catalyst\Gameplay\Actors\ActorComponent.hpp">
      <Filter>Header Files\Gameplay\Actors</Filter>
    </ClInclude>
    <ClInclude Include="..\..\Dependencies\include\Catalyst\Gameplay\Actors\Actor.hpp">
      <Filter>Header Files\Gameplay\Actors</Filter>
    </ClInclude>
    <ClInclude Include="..\..\Dependencies\include\Catalyst\Gameplay\Actors\Transform.hpp">
      <Filter>Header Files\Gameplay\Actors</Filter>
    </ClInclude>
    <ClInclude Include="..\..\Dependencies\include\Catalyst\Graphics\Rendering\Shader.hpp">
      <Filter>Header Files\Graphics\Rendering</Filter>
    </ClInclude>
    <ClInclude Include="..\..\Dependencies\include\Catalyst\Graphics\Rendering\Texture.hpp">
      <Filter>Header Files\Graphics\Rendering</Filter>
    </ClInclude>
    <ClInclude Include="..\..\Dependencies\include\Catalyst\Graphics\Rendering\Material.hpp">
      <Filter>Header Files\Graphics\Rendering</Filter>
    </ClInclude>
  </ItemGroup>
  <ItemGroup>
    <None Include="resources\shaders\standard.frag">
      <Filter>Resource Files\Shaders</Filter>
    </None>
    <None Include="resources\shaders\standard.vert">
      <Filter>Resource Files\Shaders</Filter>
    </None>
  </ItemGroup>
  <ItemGroup>
    <Filter Include="Source Files">
      <UniqueIdentifier>{086ea539-4b4f-451b-a8eb-16b274a22a79}</UniqueIdentifier>
    </Filter>
    <Filter Include="Resource Files">
      <UniqueIdentifier>{e0266ca1-2ff0-4a55-ae90-de24f1ce4c0f}</UniqueIdentifier>
    </Filter>
    <Filter Include="Header Files">
      <UniqueIdentifier>{4b629515-f3c0-41c1-8047-df0b0e995543}</UniqueIdentifier>
    </Filter>
    <Filter Include="Resource Files\Config">
      <UniqueIdentifier>{d1c4ae06-2b80-4f5c-91fb-ec21dfe7726f}</UniqueIdentifier>
    </Filter>
    <Filter Include="Resource Files\Shaders">
      <UniqueIdentifier>{ae5251b5-69b3-40be-9f48-75f8ec337145}</UniqueIdentifier>
    </Filter>
    <Filter Include="Source Files\Engine">
      <UniqueIdentifier>{63685924-931c-4246-8d40-540b87f812ff}</UniqueIdentifier>
    </Filter>
    <Filter Include="Source Files\Engine\Utility">
      <UniqueIdentifier>{1c6fbedf-f75a-4994-b9ab-d408ead2619f}</UniqueIdentifier>
    </Filter>
    <Filter Include="Header Files\Engine">
      <UniqueIdentifier>{9e095370-8b34-404f-97cb-0bc2268a7e6d}</UniqueIdentifier>
    </Filter>
    <Filter Include="Header Files\Engine\Utility">
      <UniqueIdentifier>{f8147879-5956-4c2c-9457-f080637282c9}</UniqueIdentifier>
    </Filter>
    <Filter Include="Header Files\Graphics">
      <UniqueIdentifier>{dbb259bc-d10a-49e5-9df8-a0116e144445}</UniqueIdentifier>
    </Filter>
    <Filter Include="Header Files\Gameplay">
      <UniqueIdentifier>{3993b3d7-388b-49a9-8f32-c3261c810456}</UniqueIdentifier>
    </Filter>
    <Filter Include="Header Files\Gameplay\Actors">
      <UniqueIdentifier>{023c01eb-1a36-4efa-9c89-dde41f1891cd}</UniqueIdentifier>
    </Filter>
    <Filter Include="Source Files\Graphics">
      <UniqueIdentifier>{718b195c-a7ff-4181-84ce-17049b13f429}</UniqueIdentifier>
    </Filter>
    <Filter Include="Source Files\Gameplay">
      <UniqueIdentifier>{ad8018d0-600d-4d7c-a62e-41c6d9367e0e}</UniqueIdentifier>
    </Filter>
    <Filter Include="Source Files\Gameplay\Actors">
      <UniqueIdentifier>{c493d53c-8679-40c3-9e8f-671e50076a76}</UniqueIdentifier>
    </Filter>
    <Filter Include="Header Files\Graphics\Rendering">
      <UniqueIdentifier>{46b6198b-e07b-451c-99af-f83bfdcfa450}</UniqueIdentifier>
    </Filter>
    <Filter Include="Source Files\Graphics\Rendering">
      <UniqueIdentifier>{c45c1edb-b8dc-46dc-9551-6319720e6513}</UniqueIdentifier>
    </Filter>
  </ItemGroup>
  <ItemGroup>
    <Xml Include="resources\config\engine.xml">
      <Filter>Resource Files\Config</Filter>
    </Xml>
  </ItemGroup>
  <ItemGroup>
    <ResourceCompile Include="catalyst-engine.rc">
      <Filter>Resource Files</Filter>
    </ResourceCompile>
  </ItemGroup>
</Project>